
Microsoft Visual Studio Solution File, Format Version 12.00
# Visual Studio Version 16
VisualStudioVersion = 16.0.30804.86
MinimumVisualStudioVersion = 10.0.40219.1
Project("{FAE04EC0-301F-11D3-BF4B-00C04F79EFBC}") = "BusinessLayer", "BusinessLayer\BusinessLayer.csproj", "{B81D5EFB-A057-408F-B67A-A363F4C87B61}"
EndProject
Project("{FAE04EC0-301F-11D3-BF4B-00C04F79EFBC}") = "ServiceLayer", "ServiceLayer\ServiceLayer.csproj", "{BACF16EE-2F4C-4126-8B3D-26BC2869D53F}"
EndProject
Project("{FAE04EC0-301F-11D3-BF4B-00C04F79EFBC}") = "PresentationLayer", "PresentationLayer\PresentationLayer.csproj", "{8331AF1C-F72B-4C57-8920-C655B307487C}"
EndProject
Project("{FAE04EC0-301F-11D3-BF4B-00C04F79EFBC}") = "ViewLayer", "ViewLayer\ViewLayer.csproj", "{E9E1FF09-B294-475E-93A2-FD4FCAAD905D}"
EndProject
Global
	GlobalSection(SolutionConfigurationPlatforms) = preSolution
		Debug|Any CPU = Debug|Any CPU
		Release|Any CPU = Release|Any CPU
	EndGlobalSection
	GlobalSection(ProjectConfigurationPlatforms) = postSolution
		{B81D5EFB-A057-408F-B67A-A363F4C87B61}.Debug|Any CPU.ActiveCfg = Debug|Any CPU
		{B81D5EFB-A057-408F-B67A-A363F4C87B61}.Debug|Any CPU.Build.0 = Debug|Any CPU
		{B81D5EFB-A057-408F-B67A-A363F4C87B61}.Release|Any CPU.ActiveCfg = Release|Any CPU
		{B81D5EFB-A057-408F-B67A-A363F4C87B61}.Release|Any CPU.Build.0 = Release|Any CPU
		{BACF16EE-2F4C-4126-8B3D-26BC2869D53F}.Debug|Any CPU.ActiveCfg = Debug|Any CPU
		{BACF16EE-2F4C-4126-8B3D-26BC2869D53F}.Debug|Any CPU.Build.0 = Debug|Any CPU
		{BACF16EE-2F4C-4126-8B3D-26BC2869D53F}.Release|Any CPU.ActiveCfg = Release|Any CPU
		{BACF16EE-2F4C-4126-8B3D-26BC2869D53F}.Release|Any CPU.Build.0 = Release|Any CPU
		{8331AF1C-F72B-4C57-8920-C655B307487C}.Debug|Any CPU.ActiveCfg = Debug|Any CPU
		{8331AF1C-F72B-4C57-8920-C655B307487C}.Debug|Any CPU.Build.0 = Debug|Any CPU
		{8331AF1C-F72B-4C57-8920-C655B307487C}.Release|Any CPU.ActiveCfg = Release|Any CPU
		{8331AF1C-F72B-4C57-8920-C655B307487C}.Release|Any CPU.Build.0 = Release|Any CPU
		{E9E1FF09-B294-475E-93A2-FD4FCAAD905D}.Debug|Any CPU.ActiveCfg = Debug|Any CPU
		{E9E1FF09-B294-475E-93A2-FD4FCAAD905D}.Debug|Any CPU.Build.0 = Debug|Any CPU
		{E9E1FF09-B294-475E-93A2-FD4FCAAD905D}.Release|Any CPU.ActiveCfg = Release|Any CPU
		{E9E1FF09-B294-475E-93A2-FD4FCAAD905D}.Release|Any CPU.Build.0 = Release|Any CPU
	EndGlobalSection
	GlobalSection(SolutionProperties) = preSolution
		HideSolutionNode = FALSE
	EndGlobalSection
	GlobalSection(ExtensibilityGlobals) = postSolution
		SolutionGuid = {8BE31E1E-F504-41EE-B4D4-09F8458BEFD8}
	EndGlobalSection
EndGlobal
